// !$*UTF8*$!
{
	archiveVersion = 1;
	classes = {
	};
	objectVersion = 55;
	objects = {

/* Begin PBXBuildFile section */
		B3897A5D2743B2C500011200 /* MWNext_BLE_remote_FreyjaApp.swift in Sources */ = {isa = PBXBuildFile; fileRef = B3897A5C2743B2C500011200 /* MWNext_BLE_remote_FreyjaApp.swift */; };
		B3897A5F2743B2C500011200 /* ContentView.swift in Sources */ = {isa = PBXBuildFile; fileRef = B3897A5E2743B2C500011200 /* ContentView.swift */; };
		B3897A612743B2C600011200 /* Assets.xcassets in Resources */ = {isa = PBXBuildFile; fileRef = B3897A602743B2C600011200 /* Assets.xcassets */; };
		B3897A642743B2C600011200 /* Preview Assets.xcassets in Resources */ = {isa = PBXBuildFile; fileRef = B3897A632743B2C600011200 /* Preview Assets.xcassets */; };
		B3897A6E2743B3AC00011200 /* DataModel.swift in Sources */ = {isa = PBXBuildFile; fileRef = B3897A6A2743B3AC00011200 /* DataModel.swift */; };
		B3897A6F2743B3AC00011200 /* LightControlView.swift in Sources */ = {isa = PBXBuildFile; fileRef = B3897A6B2743B3AC00011200 /* LightControlView.swift */; };
		B3897A702743B3AC00011200 /* Utils.swift in Sources */ = {isa = PBXBuildFile; fileRef = B3897A6C2743B3AC00011200 /* Utils.swift */; };
		B3897A712743B3AC00011200 /* BLE.swift in Sources */ = {isa = PBXBuildFile; fileRef = B3897A6D2743B3AC00011200 /* BLE.swift */; };
/* End PBXBuildFile section */

/* Begin PBXFileReference section */
		B3897A592743B2C500011200 /* MWNext.BLE-remote-Freyja.app */ = {isa = PBXFileReference; explicitFileType = wrapper.application; includeInIndex = 0; path = "MWNext.BLE-remote-Freyja.app"; sourceTree = BUILT_PRODUCTS_DIR; };
		B3897A5C2743B2C500011200 /* MWNext_BLE_remote_FreyjaApp.swift */ = {isa = PBXFileReference; lastKnownFileType = sourcecode.swift; path = MWNext_BLE_remote_FreyjaApp.swift; sourceTree = "<group>"; };
		B3897A5E2743B2C500011200 /* ContentView.swift */ = {isa = PBXFileReference; lastKnownFileType = sourcecode.swift; path = ContentView.swift; sourceTree = "<group>"; };
		B3897A602743B2C600011200 /* Assets.xcassets */ = {isa = PBXFileReference; lastKnownFileType = folder.assetcatalog; path = Assets.xcassets; sourceTree = "<group>"; };
		B3897A632743B2C600011200 /* Preview Assets.xcassets */ = {isa = PBXFileReference; lastKnownFileType = folder.assetcatalog; path = "Preview Assets.xcassets"; sourceTree = "<group>"; };
		B3897A6A2743B3AC00011200 /* DataModel.swift */ = {isa = PBXFileReference; fileEncoding = 4; lastKnownFileType = sourcecode.swift; path = DataModel.swift; sourceTree = "<group>"; };
		B3897A6B2743B3AC00011200 /* LightControlView.swift */ = {isa = PBXFileReference; fileEncoding = 4; lastKnownFileType = sourcecode.swift; path = LightControlView.swift; sourceTree = "<group>"; };
		B3897A6C2743B3AC00011200 /* Utils.swift */ = {isa = PBXFileReference; fileEncoding = 4; lastKnownFileType = sourcecode.swift; path = Utils.swift; sourceTree = "<group>"; };
		B3897A6D2743B3AC00011200 /* BLE.swift */ = {isa = PBXFileReference; fileEncoding = 4; lastKnownFileType = sourcecode.swift; path = BLE.swift; sourceTree = "<group>"; };
		B3897A722743B45D00011200 /* MWNext.BLE-remote-Freyja-Info.plist */ = {isa = PBXFileReference; lastKnownFileType = text.plist; path = "MWNext.BLE-remote-Freyja-Info.plist"; sourceTree = SOURCE_ROOT; };
/* End PBXFileReference section */

/* Begin PBXFrameworksBuildPhase section */
		B3897A562743B2C500011200 /* Frameworks */ = {
			isa = PBXFrameworksBuildPhase;
			buildActionMask = 2147483647;
			files = (
			);
			runOnlyForDeploymentPostprocessing = 0;
		};
/* End PBXFrameworksBuildPhase section */

/* Begin PBXGroup section */
		B3897A502743B2C500011200 = {
			isa = PBXGroup;
			children = (
				B3897A5B2743B2C500011200 /* MWNext.BLE-remote-Freyja */,
				B3897A5A2743B2C500011200 /* Products */,
			);
			sourceTree = "<group>";
		};
		B3897A5A2743B2C500011200 /* Products */ = {
			isa = PBXGroup;
			children = (
				B3897A592743B2C500011200 /* MWNext.BLE-remote-Freyja.app */,
			);
			name = Products;
			sourceTree = "<group>";
		};
		B3897A5B2743B2C500011200 /* MWNext.BLE-remote-Freyja */ = {
			isa = PBXGroup;
			children = (
				B3897A722743B45D00011200 /* MWNext.BLE-remote-Freyja-Info.plist */,
				B3897A5C2743B2C500011200 /* MWNext_BLE_remote_FreyjaApp.swift */,
				B3897A5E2743B2C500011200 /* ContentView.swift */,
				B3897A6B2743B3AC00011200 /* LightControlView.swift */,
				B3897A6A2743B3AC00011200 /* DataModel.swift */,
				B3897A6D2743B3AC00011200 /* BLE.swift */,
				B3897A6C2743B3AC00011200 /* Utils.swift */,
				B3897A602743B2C600011200 /* Assets.xcassets */,
				B3897A622743B2C600011200 /* Preview Content */,
			);
			path = "MWNext.BLE-remote-Freyja";
			sourceTree = "<group>";
		};
		B3897A622743B2C600011200 /* Preview Content */ = {
			isa = PBXGroup;
			children = (
				B3897A632743B2C600011200 /* Preview Assets.xcassets */,
			);
			path = "Preview Content";
			sourceTree = "<group>";
		};
/* End PBXGroup section */

/* Begin PBXNativeTarget section */
		B3897A582743B2C500011200 /* MWNext.BLE-remote-Freyja */ = {
			isa = PBXNativeTarget;
			buildConfigurationList = B3897A672743B2C600011200 /* Build configuration list for PBXNativeTarget "MWNext.BLE-remote-Freyja" */;
			buildPhases = (
				B3897A552743B2C500011200 /* Sources */,
				B3897A562743B2C500011200 /* Frameworks */,
				B3897A572743B2C500011200 /* Resources */,
			);
			buildRules = (
			);
			dependencies = (
			);
			name = "MWNext.BLE-remote-Freyja";
			productName = "MWNext.BLE-remote-Freyja";
			productReference = B3897A592743B2C500011200 /* MWNext.BLE-remote-Freyja.app */;
			productType = "com.apple.product-type.application";
		};
/* End PBXNativeTarget section */

/* Begin PBXProject section */
		B3897A512743B2C500011200 /* Project object */ = {
			isa = PBXProject;
			attributes = {
				BuildIndependentTargetsInParallel = 1;
				LastSwiftUpdateCheck = 1310;
				LastUpgradeCheck = 1310;
				TargetAttributes = {
					B3897A582743B2C500011200 = {
						CreatedOnToolsVersion = 13.1;
					};
				};
			};
			buildConfigurationList = B3897A542743B2C500011200 /* Build configuration list for PBXProject "MWNext.BLE-remote-Freyja" */;
			compatibilityVersion = "Xcode 13.0";
			developmentRegion = en;
			hasScannedForEncodings = 0;
			knownRegions = (
				en,
				Base,
			);
			mainGroup = B3897A502743B2C500011200;
			productRefGroup = B3897A5A2743B2C500011200 /* Products */;
			projectDirPath = "";
			projectRoot = "";
			targets = (
				B3897A582743B2C500011200 /* MWNext.BLE-remote-Freyja */,
			);
		};
/* End PBXProject section */

/* Begin PBXResourcesBuildPhase section */
		B3897A572743B2C500011200 /* Resources */ = {
			isa = PBXResourcesBuildPhase;
			buildActionMask = 2147483647;
			files = (
				B3897A642743B2C600011200 /* Preview Assets.xcassets in Resources */,
				B3897A612743B2C600011200 /* Assets.xcassets in Resources */,
			);
			runOnlyForDeploymentPostprocessing = 0;
		};
/* End PBXResourcesBuildPhase section */

/* Begin PBXSourcesBuildPhase section */
		B3897A552743B2C500011200 /* Sources */ = {
			isa = PBXSourcesBuildPhase;
			buildActionMask = 2147483647;
			files = (
				B3897A702743B3AC00011200 /* Utils.swift in Sources */,
				B3897A712743B3AC00011200 /* BLE.swift in Sources */,
				B3897A5F2743B2C500011200 /* ContentView.swift in Sources */,
				B3897A6F2743B3AC00011200 /* LightControlView.swift in Sources */,
				B3897A5D2743B2C500011200 /* MWNext_BLE_remote_FreyjaApp.swift in Sources */,
				B3897A6E2743B3AC00011200 /* DataModel.swift in Sources */,
			);
			runOnlyForDeploymentPostprocessing = 0;
		};
/* End PBXSourcesBuildPhase section */

/* Begin XCBuildConfiguration section */
		B3897A652743B2C600011200 /* Debug */ = {
			isa = XCBuildConfiguration;
			buildSettings = {
				ALWAYS_SEARCH_USER_PATHS = NO;
				CLANG_ANALYZER_NONNULL = YES;
				CLANG_ANALYZER_NUMBER_OBJECT_CONVERSION = YES_AGGRESSIVE;
				CLANG_CXX_LANGUAGE_STANDARD = "gnu++17";
				CLANG_CXX_LIBRARY = "libc++";
				CLANG_ENABLE_MODULES = YES;
				CLANG_ENABLE_OBJC_ARC = YES;
				CLANG_ENABLE_OBJC_WEAK = YES;
				CLANG_WARN_BLOCK_CAPTURE_AUTORELEASING = YES;
				CLANG_WARN_BOOL_CONVERSION = YES;
				CLANG_WARN_COMMA = YES;
				CLANG_WARN_CONSTANT_CONVERSION = YES;
				CLANG_WARN_DEPRECATED_OBJC_IMPLEMENTATIONS = YES;
				CLANG_WARN_DIRECT_OBJC_ISA_USAGE = YES_ERROR;
				CLANG_WARN_DOCUMENTATION_COMMENTS = YES;
				CLANG_WARN_EMPTY_BODY = YES;
				CLANG_WARN_ENUM_CONVERSION = YES;
				CLANG_WARN_INFINITE_RECURSION = YES;
				CLANG_WARN_INT_CONVERSION = YES;
				CLANG_WARN_NON_LITERAL_NULL_CONVERSION = YES;
				CLANG_WARN_OBJC_IMPLICIT_RETAIN_SELF = YES;
				CLANG_WARN_OBJC_LITERAL_CONVERSION = YES;
				CLANG_WARN_OBJC_ROOT_CLASS = YES_ERROR;
				CLANG_WARN_QUOTED_INCLUDE_IN_FRAMEWORK_HEADER = YES;
				CLANG_WARN_RANGE_LOOP_ANALYSIS = YES;
				CLANG_WARN_STRICT_PROTOTYPES = YES;
				CLANG_WARN_SUSPICIOUS_MOVE = YES;
				CLANG_WARN_UNGUARDED_AVAILABILITY = YES_AGGRESSIVE;
				CLANG_WARN_UNREACHABLE_CODE = YES;
				CLANG_WARN__DUPLICATE_METHOD_MATCH = YES;
				COPY_PHASE_STRIP = NO;
				DEBUG_INFORMATION_FORMAT = dwarf;
				ENABLE_STRICT_OBJC_MSGSEND = YES;
				ENABLE_TESTABILITY = YES;
				GCC_C_LANGUAGE_STANDARD = gnu11;
				GCC_DYNAMIC_NO_PIC = NO;
				GCC_NO_COMMON_BLOCKS = YES;
				GCC_OPTIMIZATION_LEVEL = 0;
				GCC_PREPROCESSOR_DEFINITIONS = (
					"DEBUG=1",
					"$(inherited)",
				);
				GCC_WARN_64_TO_32_BIT_CONVERSION = YES;
				GCC_WARN_ABOUT_RETURN_TYPE = YES_ERROR;
				GCC_WARN_UNDECLARED_SELECTOR = YES;
				GCC_WARN_UNINITIALIZED_AUTOS = YES_AGGRESSIVE;
				GCC_WARN_UNUSED_FUNCTION = YES;
				GCC_WARN_UNUSED_VARIABLE = YES;
				IPHONEOS_DEPLOYMENT_TARGET = 15.0;
				MTL_ENABLE_DEBUG_INFO = INCLUDE_SOURCE;
				MTL_FAST_MATH = YES;
				ONLY_ACTIVE_ARCH = YES;
				SDKROOT = iphoneos;
				SWIFT_ACTIVE_COMPILATION_CONDITIONS = DEBUG;
				SWIFT_OPTIMIZATION_LEVEL = "-Onone";
			};
			name = Debug;
		};
		B3897A662743B2C600011200 /* Release */ = {
			isa = XCBuildConfiguration;
			buildSettings = {
				ALWAYS_SEARCH_USER_PATHS = NO;
				CLANG_ANALYZER_NONNULL = YES;
				CLANG_ANALYZER_NUMBER_OBJECT_CONVERSION = YES_AGGRESSIVE;
				CLANG_CXX_LANGUAGE_STANDARD = "gnu++17";
				CLANG_CXX_LIBRARY = "libc++";
				CLANG_ENABLE_MODULES = YES;
				CLANG_ENABLE_OBJC_ARC = YES;
				CLANG_ENABLE_OBJC_WEAK = YES;
				CLANG_WARN_BLOCK_CAPTURE_AUTORELEASING = YES;
				CLANG_WARN_BOOL_CONVERSION = YES;
				CLANG_WARN_COMMA = YES;
				CLANG_WARN_CONSTANT_CONVERSION = YES;
				CLANG_WARN_DEPRECATED_OBJC_IMPLEMENTATIONS = YES;
				CLANG_WARN_DIRECT_OBJC_ISA_USAGE = YES_ERROR;
				CLANG_WARN_DOCUMENTATION_COMMENTS = YES;
				CLANG_WARN_EMPTY_BODY = YES;
				CLANG_WARN_ENUM_CONVERSION = YES;
				CLANG_WARN_INFINITE_RECURSION = YES;
				CLANG_WARN_INT_CONVERSION = YES;
				CLANG_WARN_NON_LITERAL_NULL_CONVERSION = YES;
				CLANG_WARN_OBJC_IMPLICIT_RETAIN_SELF = YES;
				CLANG_WARN_OBJC_LITERAL_CONVERSION = YES;
				CLANG_WARN_OBJC_ROOT_CLASS = YES_ERROR;
				CLANG_WARN_QUOTED_INCLUDE_IN_FRAMEWORK_HEADER = YES;
				CLANG_WARN_RANGE_LOOP_ANALYSIS = YES;
				CLANG_WARN_STRICT_PROTOTYPES = YES;
				CLANG_WARN_SUSPICIOUS_MOVE = YES;
				CLANG_WARN_UNGUARDED_AVAILABILITY = YES_AGGRESSIVE;
				CLANG_WARN_UNREACHABLE_CODE = YES;
				CLANG_WARN__DUPLICATE_METHOD_MATCH = YES;
				COPY_PHASE_STRIP = NO;
				DEBUG_INFORMATION_FORMAT = "dwarf-with-dsym";
				ENABLE_NS_ASSERTIONS = NO;
				ENABLE_STRICT_OBJC_MSGSEND = YES;
				GCC_C_LANGUAGE_STANDARD = gnu11;
				GCC_NO_COMMON_BLOCKS = YES;
				GCC_WARN_64_TO_32_BIT_CONVERSION = YES;
				GCC_WARN_ABOUT_RETURN_TYPE = YES_ERROR;
				GCC_WARN_UNDECLARED_SELECTOR = YES;
				GCC_WARN_UNINITIALIZED_AUTOS = YES_AGGRESSIVE;
				GCC_WARN_UNUSED_FUNCTION = YES;
				GCC_WARN_UNUSED_VARIABLE = YES;
				IPHONEOS_DEPLOYMENT_TARGET = 15.0;
				MTL_ENABLE_DEBUG_INFO = NO;
				MTL_FAST_MATH = YES;
				SDKROOT = iphoneos;
				SWIFT_COMPILATION_MODE = wholemodule;
				SWIFT_OPTIMIZATION_LEVEL = "-O";
				VALIDATE_PRODUCT = YES;
			};
			name = Release;
		};
		B3897A682743B2C600011200 /* Debug */ = {
			isa = XCBuildConfiguration;
			buildSettings = {
				ASSETCATALOG_COMPILER_APPICON_NAME = AppIcon;
				ASSETCATALOG_COMPILER_GLOBAL_ACCENT_COLOR_NAME = AccentColor;
				CODE_SIGN_STYLE = Automatic;
				CURRENT_PROJECT_VERSION = 11;
				DEVELOPMENT_ASSET_PATHS = "\"MWNext.BLE-remote-Freyja/Preview Content\"";
				DEVELOPMENT_TEAM = YZN3T7CWXS;
				ENABLE_PREVIEWS = YES;
				GENERATE_INFOPLIST_FILE = YES;
				INFOPLIST_FILE = "MWNext.BLE-remote-Freyja-Info.plist";
				INFOPLIST_KEY_CFBundleDisplayName = "Freyja's Castle";
				INFOPLIST_KEY_NSBluetoothAlwaysUsageDescription = "Freyja's Castle needs Bluetooth to communicate with the costume.";
				INFOPLIST_KEY_UIApplicationSceneManifest_Generation = YES;
				INFOPLIST_KEY_UIApplicationSupportsIndirectInputEvents = YES;
				INFOPLIST_KEY_UILaunchScreen_Generation = YES;
				INFOPLIST_KEY_UISupportedInterfaceOrientations = UIInterfaceOrientationPortrait;
				INFOPLIST_KEY_UISupportedInterfaceOrientations_iPad = "UIInterfaceOrientationPortrait UIInterfaceOrientationPortraitUpsideDown UIInterfaceOrientationLandscapeLeft UIInterfaceOrientationLandscapeRight";
				INFOPLIST_KEY_UISupportedInterfaceOrientations_iPhone = UIInterfaceOrientationPortrait;
				LD_RUNPATH_SEARCH_PATHS = (
					"$(inherited)",
					"@executable_path/Frameworks",
				);
				MARKETING_VERSION = 1.0.0;
				PRODUCT_BUNDLE_IDENTIFIER = "NickL.MWNext.BLE-remote-Freyja";
				PRODUCT_NAME = "$(TARGET_NAME)";
				SWIFT_EMIT_LOC_STRINGS = YES;
				SWIFT_VERSION = 5.0;
				TARGETED_DEVICE_FAMILY = 1;
			};
			name = Debug;
		};
		B3897A692743B2C600011200 /* Release */ = {
			isa = XCBuildConfiguration;
			buildSettings = {
				ASSETCATALOG_COMPILER_APPICON_NAME = AppIcon;
				ASSETCATALOG_COMPILER_GLOBAL_ACCENT_COLOR_NAME = AccentColor;
				CODE_SIGN_STYLE = Automatic;
				CURRENT_PROJECT_VERSION = 11;
				DEVELOPMENT_ASSET_PATHS = "\"MWNext.BLE-remote-Freyja/Preview Content\"";
				DEVELOPMENT_TEAM = YZN3T7CWXS;
				ENABLE_PREVIEWS = YES;
				GENERATE_INFOPLIST_FILE = YES;
				INFOPLIST_FILE = "MWNext.BLE-remote-Freyja-Info.plist";
				INFOPLIST_KEY_CFBundleDisplayName = "Freyja's Castle";
				INFOPLIST_KEY_NSBluetoothAlwaysUsageDescription = "Freyja's Castle needs Bluetooth to communicate with the costume.";
				INFOPLIST_KEY_UIApplicationSceneManifest_Generation = YES;
				INFOPLIST_KEY_UIApplicationSupportsIndirectInputEvents = YES;
				INFOPLIST_KEY_UILaunchScreen_Generation = YES;
				INFOPLIST_KEY_UISupportedInterfaceOrientations = UIInterfaceOrientationPortrait;
				INFOPLIST_KEY_UISupportedInterfaceOrientations_iPad = "UIInterfaceOrientationPortrait UIInterfaceOrientationPortraitUpsideDown UIInterfaceOrientationLandscapeLeft UIInterfaceOrientationLandscapeRight";
				INFOPLIST_KEY_UISupportedInterfaceOrientations_iPhone = UIInterfaceOrientationPortrait;
				LD_RUNPATH_SEARCH_PATHS = (
					"$(inherited)",
					"@executable_path/Frameworks",
				);
				MARKETING_VERSION = 1.0.0;
				PRODUCT_BUNDLE_IDENTIFIER = "NickL.MWNext.BLE-remote-Freyja";
				PRODUCT_NAME = "$(TARGET_NAME)";
				SWIFT_EMIT_LOC_STRINGS = YES;
				SWIFT_VERSION = 5.0;
				TARGETED_DEVICE_FAMILY = 1;
			};
			name = Release;
		};
/* End XCBuildConfiguration section */

/* Begin XCConfigurationList section */
		B3897A542743B2C500011200 /* Build configuration list for PBXProject "MWNext.BLE-remote-Freyja" */ = {
			isa = XCConfigurationList;
			buildConfigurations = (
				B3897A652743B2C600011200 /* Debug */,
				B3897A662743B2C600011200 /* Release */,
			);
			defaultConfigurationIsVisible = 0;
			defaultConfigurationName = Release;
		};
		B3897A672743B2C600011200 /* Build configuration list for PBXNativeTarget "MWNext.BLE-remote-Freyja" */ = {
			isa = XCConfigurationList;
			buildConfigurations = (
				B3897A682743B2C600011200 /* Debug */,
				B3897A692743B2C600011200 /* Release */,
			);
			defaultConfigurationIsVisible = 0;
			defaultConfigurationName = Release;
		};
/* End XCConfigurationList section */
	};
	rootObject = B3897A512743B2C500011200 /* Project object */;
}
